// !$*UTF8*$!
{
	archiveVersion = 1;
	classes = {
	};
	objectVersion = 46;
	objects = {

/* Begin PBXBuildFile section */
		132075491485B08F00AE7E3A /* LoginItem.m in Sources */ = {isa = PBXBuildFile; fileRef = 132075481485B08F00AE7E3A /* LoginItem.m */; };
		1320754F1487C86300AE7E3A /* AbstractWindowController.m in Sources */ = {isa = PBXBuildFile; fileRef = 1320754E1487C86300AE7E3A /* AbstractWindowController.m */; };
		134DB4CF148E235200AF9BB0 /* FormattingUtils.m in Sources */ = {isa = PBXBuildFile; fileRef = 134DB4CE148E235200AF9BB0 /* FormattingUtils.m */; };
		134DB4D3148E36E600AF9BB0 /* Carbon.framework in Frameworks */ = {isa = PBXBuildFile; fileRef = 134DB4D2148E36E600AF9BB0 /* Carbon.framework */; };
		13501194148FF35D00835626 /* HotKeyTextField.m in Sources */ = {isa = PBXBuildFile; fileRef = 13501193148FF35D00835626 /* HotKeyTextField.m */; };
		13501197148FFCC600835626 /* HotKeyController.m in Sources */ = {isa = PBXBuildFile; fileRef = 13501196148FFCC600835626 /* HotKeyController.m */; };
		1350119E1494C08400835626 /* ActQueryFilter.m in Sources */ = {isa = PBXBuildFile; fileRef = 1350119D1494C08400835626 /* ActQueryFilter.m */; };
		1382666D1485411B00BBCDC1 /* Icon128.icns in Resources */ = {isa = PBXBuildFile; fileRef = 1382666C1485411B00BBCDC1 /* Icon128.icns */; };
		1392010B1484145B00CFF802 /* FMDatabase.m in Sources */ = {isa = PBXBuildFile; fileRef = 139201061484145B00CFF802 /* FMDatabase.m */; };
		1392010C1484145B00CFF802 /* FMDatabaseAdditions.m in Sources */ = {isa = PBXBuildFile; fileRef = 139201081484145B00CFF802 /* FMDatabaseAdditions.m */; };
		1392010D1484145B00CFF802 /* FMResultSet.m in Sources */ = {isa = PBXBuildFile; fileRef = 1392010A1484145B00CFF802 /* FMResultSet.m */; };
		139201111484147000CFF802 /* InfoPlist.strings in Resources */ = {isa = PBXBuildFile; fileRef = 139201101484147000CFF802 /* InfoPlist.strings */; };
		139201161484148C00CFF802 /* Logo_alternative.png in Resources */ = {isa = PBXBuildFile; fileRef = 139201121484148C00CFF802 /* Logo_alternative.png */; };
		139201171484148C00CFF802 /* Logo_normal.png in Resources */ = {isa = PBXBuildFile; fileRef = 139201131484148C00CFF802 /* Logo_normal.png */; };
		139201181484148C00CFF802 /* Logo_paused_alternative.png in Resources */ = {isa = PBXBuildFile; fileRef = 139201141484148C00CFF802 /* Logo_paused_alternative.png */; };
		139201191484148C00CFF802 /* Logo_paused_normal.png in Resources */ = {isa = PBXBuildFile; fileRef = 139201151484148C00CFF802 /* Logo_paused_normal.png */; };
		1392012E1484149F00CFF802 /* LogWindow.xib in Resources */ = {isa = PBXBuildFile; fileRef = 1392011B1484149F00CFF802 /* LogWindow.xib */; };
		1392012F1484149F00CFF802 /* LogWindowController.m in Sources */ = {isa = PBXBuildFile; fileRef = 1392011D1484149F00CFF802 /* LogWindowController.m */; };
		139201301484149F00CFF802 /* main.m in Sources */ = {isa = PBXBuildFile; fileRef = 1392011E1484149F00CFF802 /* main.m */; };
		139201311484149F00CFF802 /* MainMenu.xib in Resources */ = {isa = PBXBuildFile; fileRef = 1392011F1484149F00CFF802 /* MainMenu.xib */; };
		139201321484149F00CFF802 /* QuestionWindow.xib in Resources */ = {isa = PBXBuildFile; fileRef = 139201201484149F00CFF802 /* QuestionWindow.xib */; };
		139201331484149F00CFF802 /* QuestionWindowController.m in Sources */ = {isa = PBXBuildFile; fileRef = 139201221484149F00CFF802 /* QuestionWindowController.m */; };
		139201361484149F00CFF802 /* AskingController.m in Sources */ = {isa = PBXBuildFile; fileRef = 139201271484149F00CFF802 /* AskingController.m */; };
		139201371484149F00CFF802 /* Settings.m in Sources */ = {isa = PBXBuildFile; fileRef = 139201291484149F00CFF802 /* Settings.m */; };
		139201381484149F00CFF802 /* SettingsWindow.xib in Resources */ = {isa = PBXBuildFile; fileRef = 1392012A1484149F00CFF802 /* SettingsWindow.xib */; };
		139201391484149F00CFF802 /* SettingsWindowController.m in Sources */ = {isa = PBXBuildFile; fileRef = 1392012C1484149F00CFF802 /* SettingsWindowController.m */; };
		1392013A1484149F00CFF802 /* sparkle_dsa_pub.pem in Resources */ = {isa = PBXBuildFile; fileRef = 1392012D1484149F00CFF802 /* sparkle_dsa_pub.pem */; };
		1392013D148414A800CFF802 /* DatabaseService.m in Sources */ = {isa = PBXBuildFile; fileRef = 1392013C148414A800CFF802 /* DatabaseService.m */; };
		13920140148414B800CFF802 /* ActivityModel.m in Sources */ = {isa = PBXBuildFile; fileRef = 1392013F148414B800CFF802 /* ActivityModel.m */; };
		139201411484170B00CFF802 /* ActrackAppDelegate.m in Sources */ = {isa = PBXBuildFile; fileRef = 13CAA31E14841289006A90EC /* ActrackAppDelegate.m */; };
		139201431484173700CFF802 /* libsqlite3.dylib in Frameworks */ = {isa = PBXBuildFile; fileRef = 139201421484173700CFF802 /* libsqlite3.dylib */; };
		13920145148418CA00CFF802 /* Sparkle.framework in Frameworks */ = {isa = PBXBuildFile; fileRef = 13920144148418CA00CFF802 /* Sparkle.framework */; };
		139201471484191A00CFF802 /* Sparkle.framework in CopyFiles */ = {isa = PBXBuildFile; fileRef = 13920144148418CA00CFF802 /* Sparkle.framework */; };
		13CAA30C14841289006A90EC /* Cocoa.framework in Frameworks */ = {isa = PBXBuildFile; fileRef = 13CAA30B14841289006A90EC /* Cocoa.framework */; };
		13CAA32A1484128A006A90EC /* SenTestingKit.framework in Frameworks */ = {isa = PBXBuildFile; fileRef = 13CAA3291484128A006A90EC /* SenTestingKit.framework */; };
		13CAA32B1484128A006A90EC /* Cocoa.framework in Frameworks */ = {isa = PBXBuildFile; fileRef = 13CAA30B14841289006A90EC /* Cocoa.framework */; };
		13CAA3331484128A006A90EC /* InfoPlist.strings in Resources */ = {isa = PBXBuildFile; fileRef = 13CAA3311484128A006A90EC /* InfoPlist.strings */; };
		13CAA3351484128A006A90EC /* ActrackTests.h in Resources */ = {isa = PBXBuildFile; fileRef = 13CAA3341484128A006A90EC /* ActrackTests.h */; };
		13CAA3371484128A006A90EC /* ActrackTests.m in Sources */ = {isa = PBXBuildFile; fileRef = 13CAA3361484128A006A90EC /* ActrackTests.m */; };
/* End PBXBuildFile section */

/* Begin PBXContainerItemProxy section */
		13CAA32C1484128A006A90EC /* PBXContainerItemProxy */ = {
			isa = PBXContainerItemProxy;
			containerPortal = 13CAA2FE14841289006A90EC /* Project object */;
			proxyType = 1;
			remoteGlobalIDString = 13CAA30614841289006A90EC;
			remoteInfo = Actrack;
		};
/* End PBXContainerItemProxy section */

/* Begin PBXCopyFilesBuildPhase section */
		139201461484191600CFF802 /* CopyFiles */ = {
			isa = PBXCopyFilesBuildPhase;
			buildActionMask = 2147483647;
			dstPath = "";
			dstSubfolderSpec = 10;
			files = (
				139201471484191A00CFF802 /* Sparkle.framework in CopyFiles */,
			);
			runOnlyForDeploymentPostprocessing = 0;
		};
/* End PBXCopyFilesBuildPhase section */

/* Begin PBXFileReference section */
		132075471485B08F00AE7E3A /* LoginItem.h */ = {isa = PBXFileReference; fileEncoding = 4; lastKnownFileType = sourcecode.c.h; path = LoginItem.h; sourceTree = "<group>"; };
		132075481485B08F00AE7E3A /* LoginItem.m */ = {isa = PBXFileReference; fileEncoding = 4; lastKnownFileType = sourcecode.c.objc; path = LoginItem.m; sourceTree = "<group>"; };
		1320754D1487C86300AE7E3A /* AbstractWindowController.h */ = {isa = PBXFileReference; fileEncoding = 4; lastKnownFileType = sourcecode.c.h; path = AbstractWindowController.h; sourceTree = "<group>"; };
		1320754E1487C86300AE7E3A /* AbstractWindowController.m */ = {isa = PBXFileReference; fileEncoding = 4; lastKnownFileType = sourcecode.c.objc; path = AbstractWindowController.m; sourceTree = "<group>"; };
		133D688E148CFF15000240AA /* QuestionWindowDelegate.h */ = {isa = PBXFileReference; fileEncoding = 4; lastKnownFileType = sourcecode.c.h; path = QuestionWindowDelegate.h; sourceTree = "<group>"; };
		134DB4CD148E235100AF9BB0 /* FormattingUtils.h */ = {isa = PBXFileReference; fileEncoding = 4; lastKnownFileType = sourcecode.c.h; path = FormattingUtils.h; sourceTree = "<group>"; };
		134DB4CE148E235200AF9BB0 /* FormattingUtils.m */ = {isa = PBXFileReference; fileEncoding = 4; lastKnownFileType = sourcecode.c.objc; path = FormattingUtils.m; sourceTree = "<group>"; };
		134DB4D2148E36E600AF9BB0 /* Carbon.framework */ = {isa = PBXFileReference; lastKnownFileType = wrapper.framework; name = Carbon.framework; path = System/Library/Frameworks/Carbon.framework; sourceTree = SDKROOT; };
		13501192148FF35D00835626 /* HotKeyTextField.h */ = {isa = PBXFileReference; fileEncoding = 4; lastKnownFileType = sourcecode.c.h; path = HotKeyTextField.h; sourceTree = "<group>"; };
		13501193148FF35D00835626 /* HotKeyTextField.m */ = {isa = PBXFileReference; fileEncoding = 4; lastKnownFileType = sourcecode.c.objc; path = HotKeyTextField.m; sourceTree = "<group>"; };
		13501195148FFCC600835626 /* HotKeyController.h */ = {isa = PBXFileReference; fileEncoding = 4; lastKnownFileType = sourcecode.c.h; path = HotKeyController.h; sourceTree = "<group>"; };
		13501196148FFCC600835626 /* HotKeyController.m */ = {isa = PBXFileReference; fileEncoding = 4; lastKnownFileType = sourcecode.c.objc; path = HotKeyController.m; sourceTree = "<group>"; };
		1350119C1494C08400835626 /* ActQueryFilter.h */ = {isa = PBXFileReference; fileEncoding = 4; lastKnownFileType = sourcecode.c.h; path = ActQueryFilter.h; sourceTree = "<group>"; };
		1350119D1494C08400835626 /* ActQueryFilter.m */ = {isa = PBXFileReference; fileEncoding = 4; lastKnownFileType = sourcecode.c.objc; path = ActQueryFilter.m; sourceTree = "<group>"; };
		1382666C1485411B00BBCDC1 /* Icon128.icns */ = {isa = PBXFileReference; lastKnownFileType = image.icns; name = Icon128.icns; path = ../Icon128.icns; sourceTree = "<group>"; };
		139201051484145B00CFF802 /* FMDatabase.h */ = {isa = PBXFileReference; fileEncoding = 4; lastKnownFileType = sourcecode.c.h; path = FMDatabase.h; sourceTree = "<group>"; };
		139201061484145B00CFF802 /* FMDatabase.m */ = {isa = PBXFileReference; fileEncoding = 4; lastKnownFileType = sourcecode.c.objc; path = FMDatabase.m; sourceTree = "<group>"; };
		139201071484145B00CFF802 /* FMDatabaseAdditions.h */ = {isa = PBXFileReference; fileEncoding = 4; lastKnownFileType = sourcecode.c.h; path = FMDatabaseAdditions.h; sourceTree = "<group>"; };
		139201081484145B00CFF802 /* FMDatabaseAdditions.m */ = {isa = PBXFileReference; fileEncoding = 4; lastKnownFileType = sourcecode.c.objc; path = FMDatabaseAdditions.m; sourceTree = "<group>"; };
		139201091484145B00CFF802 /* FMResultSet.h */ = {isa = PBXFileReference; fileEncoding = 4; lastKnownFileType = sourcecode.c.h; path = FMResultSet.h; sourceTree = "<group>"; };
		1392010A1484145B00CFF802 /* FMResultSet.m */ = {isa = PBXFileReference; fileEncoding = 4; lastKnownFileType = sourcecode.c.objc; path = FMResultSet.m; sourceTree = "<group>"; };
		139201101484147000CFF802 /* InfoPlist.strings */ = {isa = PBXFileReference; fileEncoding = 4; lastKnownFileType = text.plist.strings; path = InfoPlist.strings; sourceTree = "<group>"; };
		139201121484148C00CFF802 /* Logo_alternative.png */ = {isa = PBXFileReference; lastKnownFileType = image.png; path = Logo_alternative.png; sourceTree = "<group>"; };
		139201131484148C00CFF802 /* Logo_normal.png */ = {isa = PBXFileReference; lastKnownFileType = image.png; path = Logo_normal.png; sourceTree = "<group>"; };
		139201141484148C00CFF802 /* Logo_paused_alternative.png */ = {isa = PBXFileReference; lastKnownFileType = image.png; path = Logo_paused_alternative.png; sourceTree = "<group>"; };
		139201151484148C00CFF802 /* Logo_paused_normal.png */ = {isa = PBXFileReference; lastKnownFileType = image.png; path = Logo_paused_normal.png; sourceTree = "<group>"; };
		1392011B1484149F00CFF802 /* LogWindow.xib */ = {isa = PBXFileReference; fileEncoding = 4; lastKnownFileType = file.xib; path = LogWindow.xib; sourceTree = "<group>"; };
		1392011C1484149F00CFF802 /* LogWindowController.h */ = {isa = PBXFileReference; fileEncoding = 4; lastKnownFileType = sourcecode.c.h; path = LogWindowController.h; sourceTree = "<group>"; };
		1392011D1484149F00CFF802 /* LogWindowController.m */ = {isa = PBXFileReference; fileEncoding = 4; lastKnownFileType = sourcecode.c.objc; path = LogWindowController.m; sourceTree = "<group>"; };
		1392011E1484149F00CFF802 /* main.m */ = {isa = PBXFileReference; fileEncoding = 4; lastKnownFileType = sourcecode.c.objc; path = main.m; sourceTree = "<group>"; };
		1392011F1484149F00CFF802 /* MainMenu.xib */ = {isa = PBXFileReference; fileEncoding = 4; lastKnownFileType = file.xib; path = MainMenu.xib; sourceTree = "<group>"; };
		139201201484149F00CFF802 /* QuestionWindow.xib */ = {isa = PBXFileReference; fileEncoding = 4; lastKnownFileType = file.xib; path = QuestionWindow.xib; sourceTree = "<group>"; };
		139201211484149F00CFF802 /* QuestionWindowController.h */ = {isa = PBXFileReference; fileEncoding = 4; lastKnownFileType = sourcecode.c.h; path = QuestionWindowController.h; sourceTree = "<group>"; };
		139201221484149F00CFF802 /* QuestionWindowController.m */ = {isa = PBXFileReference; fileEncoding = 4; lastKnownFileType = sourcecode.c.objc; path = QuestionWindowController.m; sourceTree = "<group>"; };
		139201261484149F00CFF802 /* AskingController.h */ = {isa = PBXFileReference; fileEncoding = 4; lastKnownFileType = sourcecode.c.h; path = AskingController.h; sourceTree = "<group>"; };
		139201271484149F00CFF802 /* AskingController.m */ = {isa = PBXFileReference; fileEncoding = 4; lastKnownFileType = sourcecode.c.objc; path = AskingController.m; sourceTree = "<group>"; };
		139201281484149F00CFF802 /* Settings.h */ = {isa = PBXFileReference; fileEncoding = 4; lastKnownFileType = sourcecode.c.h; path = Settings.h; sourceTree = "<group>"; };
		139201291484149F00CFF802 /* Settings.m */ = {isa = PBXFileReference; fileEncoding = 4; lastKnownFileType = sourcecode.c.objc; path = Settings.m; sourceTree = "<group>"; };
		1392012A1484149F00CFF802 /* SettingsWindow.xib */ = {isa = PBXFileReference; fileEncoding = 4; lastKnownFileType = file.xib; path = SettingsWindow.xib; sourceTree = "<group>"; };
		1392012B1484149F00CFF802 /* SettingsWindowController.h */ = {isa = PBXFileReference; fileEncoding = 4; lastKnownFileType = sourcecode.c.h; path = SettingsWindowController.h; sourceTree = "<group>"; };
		1392012C1484149F00CFF802 /* SettingsWindowController.m */ = {isa = PBXFileReference; fileEncoding = 4; lastKnownFileType = sourcecode.c.objc; path = SettingsWindowController.m; sourceTree = "<group>"; };
		1392012D1484149F00CFF802 /* sparkle_dsa_pub.pem */ = {isa = PBXFileReference; fileEncoding = 4; lastKnownFileType = text; path = sparkle_dsa_pub.pem; sourceTree = "<group>"; };
		1392013B148414A800CFF802 /* DatabaseService.h */ = {isa = PBXFileReference; fileEncoding = 4; lastKnownFileType = sourcecode.c.h; path = DatabaseService.h; sourceTree = "<group>"; };
		1392013C148414A800CFF802 /* DatabaseService.m */ = {isa = PBXFileReference; fileEncoding = 4; lastKnownFileType = sourcecode.c.objc; path = DatabaseService.m; sourceTree = "<group>"; };
		1392013E148414B800CFF802 /* ActivityModel.h */ = {isa = PBXFileReference; fileEncoding = 4; lastKnownFileType = sourcecode.c.h; path = ActivityModel.h; sourceTree = "<group>"; };
		1392013F148414B800CFF802 /* ActivityModel.m */ = {isa = PBXFileReference; fileEncoding = 4; lastKnownFileType = sourcecode.c.objc; path = ActivityModel.m; sourceTree = "<group>"; };
		139201421484173700CFF802 /* libsqlite3.dylib */ = {isa = PBXFileReference; lastKnownFileType = "compiled.mach-o.dylib"; name = libsqlite3.dylib; path = usr/lib/libsqlite3.dylib; sourceTree = SDKROOT; };
		13920144148418CA00CFF802 /* Sparkle.framework */ = {isa = PBXFileReference; lastKnownFileType = wrapper.framework; path = Sparkle.framework; sourceTree = "<group>"; };
		13CAA30714841289006A90EC /* Actrack.app */ = {isa = PBXFileReference; explicitFileType = wrapper.application; includeInIndex = 0; path = Actrack.app; sourceTree = BUILT_PRODUCTS_DIR; };
		13CAA30B14841289006A90EC /* Cocoa.framework */ = {isa = PBXFileReference; lastKnownFileType = wrapper.framework; name = Cocoa.framework; path = System/Library/Frameworks/Cocoa.framework; sourceTree = SDKROOT; };
		13CAA30E14841289006A90EC /* AppKit.framework */ = {isa = PBXFileReference; lastKnownFileType = wrapper.framework; name = AppKit.framework; path = System/Library/Frameworks/AppKit.framework; sourceTree = SDKROOT; };
		13CAA30F14841289006A90EC /* CoreData.framework */ = {isa = PBXFileReference; lastKnownFileType = wrapper.framework; name = CoreData.framework; path = System/Library/Frameworks/CoreData.framework; sourceTree = SDKROOT; };
		13CAA31014841289006A90EC /* Foundation.framework */ = {isa = PBXFileReference; lastKnownFileType = wrapper.framework; name = Foundation.framework; path = System/Library/Frameworks/Foundation.framework; sourceTree = SDKROOT; };
		13CAA31314841289006A90EC /* Actrack-Info.plist */ = {isa = PBXFileReference; lastKnownFileType = text.plist.xml; path = "Actrack-Info.plist"; sourceTree = "<group>"; };
		13CAA31714841289006A90EC /* main.m */ = {isa = PBXFileReference; lastKnownFileType = sourcecode.c.objc; path = main.m; sourceTree = "<group>"; };
		13CAA31914841289006A90EC /* Actrack-Prefix.pch */ = {isa = PBXFileReference; lastKnownFileType = sourcecode.c.h; path = "Actrack-Prefix.pch"; sourceTree = "<group>"; };
		13CAA31D14841289006A90EC /* ActrackAppDelegate.h */ = {isa = PBXFileReference; lastKnownFileType = sourcecode.c.h; path = ActrackAppDelegate.h; sourceTree = "<group>"; };
		13CAA31E14841289006A90EC /* ActrackAppDelegate.m */ = {isa = PBXFileReference; lastKnownFileType = sourcecode.c.objc; path = ActrackAppDelegate.m; sourceTree = "<group>"; };
		13CAA3281484128A006A90EC /* ActrackTests.octest */ = {isa = PBXFileReference; explicitFileType = wrapper.cfbundle; includeInIndex = 0; path = ActrackTests.octest; sourceTree = BUILT_PRODUCTS_DIR; };
		13CAA3291484128A006A90EC /* SenTestingKit.framework */ = {isa = PBXFileReference; lastKnownFileType = wrapper.framework; name = SenTestingKit.framework; path = Library/Frameworks/SenTestingKit.framework; sourceTree = DEVELOPER_DIR; };
		13CAA3301484128A006A90EC /* ActrackTests-Info.plist */ = {isa = PBXFileReference; lastKnownFileType = text.plist.xml; path = "ActrackTests-Info.plist"; sourceTree = "<group>"; };
		13CAA3321484128A006A90EC /* en */ = {isa = PBXFileReference; lastKnownFileType = text.plist.strings; name = en; path = en.lproj/InfoPlist.strings; sourceTree = "<group>"; };
		13CAA3341484128A006A90EC /* ActrackTests.h */ = {isa = PBXFileReference; lastKnownFileType = sourcecode.c.h; path = ActrackTests.h; sourceTree = "<group>"; };
		13CAA3361484128A006A90EC /* ActrackTests.m */ = {isa = PBXFileReference; lastKnownFileType = sourcecode.c.objc; path = ActrackTests.m; sourceTree = "<group>"; };
/* End PBXFileReference section */

/* Begin PBXFrameworksBuildPhase section */
		13CAA30414841289006A90EC /* Frameworks */ = {
			isa = PBXFrameworksBuildPhase;
			buildActionMask = 2147483647;
			files = (
				134DB4D3148E36E600AF9BB0 /* Carbon.framework in Frameworks */,
				139201431484173700CFF802 /* libsqlite3.dylib in Frameworks */,
				13CAA30C14841289006A90EC /* Cocoa.framework in Frameworks */,
				13920145148418CA00CFF802 /* Sparkle.framework in Frameworks */,
			);
			runOnlyForDeploymentPostprocessing = 0;
		};
		13CAA3241484128A006A90EC /* Frameworks */ = {
			isa = PBXFrameworksBuildPhase;
			buildActionMask = 2147483647;
			files = (
				13CAA32A1484128A006A90EC /* SenTestingKit.framework in Frameworks */,
				13CAA32B1484128A006A90EC /* Cocoa.framework in Frameworks */,
			);
			runOnlyForDeploymentPostprocessing = 0;
		};
/* End PBXFrameworksBuildPhase section */

/* Begin PBXGroup section */
		132075501488E32500AE7E3A /* Window Controllers */ = {
			isa = PBXGroup;
			children = (
				1320754D1487C86300AE7E3A /* AbstractWindowController.h */,
				1320754E1487C86300AE7E3A /* AbstractWindowController.m */,
				1392011C1484149F00CFF802 /* LogWindowController.h */,
				1392011D1484149F00CFF802 /* LogWindowController.m */,
				133D688E148CFF15000240AA /* QuestionWindowDelegate.h */,
				139201211484149F00CFF802 /* QuestionWindowController.h */,
				139201221484149F00CFF802 /* QuestionWindowController.m */,
				1392012B1484149F00CFF802 /* SettingsWindowController.h */,
				1392012C1484149F00CFF802 /* SettingsWindowController.m */,
			);
			name = "Window Controllers";
			sourceTree = "<group>";
		};
		1320755C148BA2CA00AE7E3A /* View */ = {
			isa = PBXGroup;
			children = (
				138C902C14842B5600646A04 /* Xib */,
				13501192148FF35D00835626 /* HotKeyTextField.h */,
				13501193148FF35D00835626 /* HotKeyTextField.m */,
			);
			name = View;
			sourceTree = "<group>";
		};
		1320755D148BA2F400AE7E3A /* Service */ = {
			isa = PBXGroup;
			children = (
				139201281484149F00CFF802 /* Settings.h */,
				139201291484149F00CFF802 /* Settings.m */,
				1392013B148414A800CFF802 /* DatabaseService.h */,
				1392013C148414A800CFF802 /* DatabaseService.m */,
			);
			name = Service;
			sourceTree = "<group>";
		};
		134DB4D1148E235600AF9BB0 /* Utils */ = {
			isa = PBXGroup;
			children = (
				134DB4CD148E235100AF9BB0 /* FormattingUtils.h */,
				134DB4CE148E235200AF9BB0 /* FormattingUtils.m */,
			);
			name = Utils;
			sourceTree = "<group>";
		};
		138C902C14842B5600646A04 /* Xib */ = {
			isa = PBXGroup;
			children = (
				1392011B1484149F00CFF802 /* LogWindow.xib */,
				1392011F1484149F00CFF802 /* MainMenu.xib */,
				139201201484149F00CFF802 /* QuestionWindow.xib */,
				1392012A1484149F00CFF802 /* SettingsWindow.xib */,
			);
			name = Xib;
			sourceTree = "<group>";
		};
		138C902D14842B6900646A04 /* Controller */ = {
			isa = PBXGroup;
			children = (
				138C902F148444BE00646A04 /* Main */,
				132075501488E32500AE7E3A /* Window Controllers */,
				132075471485B08F00AE7E3A /* LoginItem.h */,
				132075481485B08F00AE7E3A /* LoginItem.m */,
				139201261484149F00CFF802 /* AskingController.h */,
				139201271484149F00CFF802 /* AskingController.m */,
				13501195148FFCC600835626 /* HotKeyController.h */,
				13501196148FFCC600835626 /* HotKeyController.m */,
			);
			name = Controller;
			sourceTree = "<group>";
		};
		138C902E14842B7800646A04 /* Model */ = {
			isa = PBXGroup;
			children = (
				1392013E148414B800CFF802 /* ActivityModel.h */,
				1392013F148414B800CFF802 /* ActivityModel.m */,
				1350119C1494C08400835626 /* ActQueryFilter.h */,
				1350119D1494C08400835626 /* ActQueryFilter.m */,
			);
			name = Model;
			sourceTree = "<group>";
		};
		138C902F148444BE00646A04 /* Main */ = {
			isa = PBXGroup;
			children = (
				13CAA31D14841289006A90EC /* ActrackAppDelegate.h */,
				13CAA31E14841289006A90EC /* ActrackAppDelegate.m */,
				1392011E1484149F00CFF802 /* main.m */,
			);
			name = Main;
			sourceTree = "<group>";
		};
		1392010F1484145F00CFF802 /* FMDB */ = {
			isa = PBXGroup;
			children = (
				139201051484145B00CFF802 /* FMDatabase.h */,
				139201061484145B00CFF802 /* FMDatabase.m */,
				139201071484145B00CFF802 /* FMDatabaseAdditions.h */,
				139201081484145B00CFF802 /* FMDatabaseAdditions.m */,
				139201091484145B00CFF802 /* FMResultSet.h */,
				1392010A1484145B00CFF802 /* FMResultSet.m */,
			);
			name = FMDB;
			sourceTree = "<group>";
		};
		1392011A1484148F00CFF802 /* Graphics */ = {
			isa = PBXGroup;
			children = (
				1382666C1485411B00BBCDC1 /* Icon128.icns */,
				139201121484148C00CFF802 /* Logo_alternative.png */,
				139201131484148C00CFF802 /* Logo_normal.png */,
				139201141484148C00CFF802 /* Logo_paused_alternative.png */,
				139201151484148C00CFF802 /* Logo_paused_normal.png */,
			);
			name = Graphics;
			sourceTree = "<group>";
		};
		13CAA2FC14841289006A90EC = {
			isa = PBXGroup;
			children = (
				13CAA31114841289006A90EC /* Actrack */,
				13CAA32E1484128A006A90EC /* ActrackTests */,
				13CAA30A14841289006A90EC /* Frameworks */,
				13CAA30814841289006A90EC /* Products */,
			);
			sourceTree = "<group>";
		};
		13CAA30814841289006A90EC /* Products */ = {
			isa = PBXGroup;
			children = (
				13CAA30714841289006A90EC /* Actrack.app */,
				13CAA3281484128A006A90EC /* ActrackTests.octest */,
			);
			name = Products;
			sourceTree = "<group>";
		};
		13CAA30A14841289006A90EC /* Frameworks */ = {
			isa = PBXGroup;
			children = (
				139201421484173700CFF802 /* libsqlite3.dylib */,
				134DB4D2148E36E600AF9BB0 /* Carbon.framework */,
				13920144148418CA00CFF802 /* Sparkle.framework */,
				13CAA30B14841289006A90EC /* Cocoa.framework */,
				13CAA3291484128A006A90EC /* SenTestingKit.framework */,
				13CAA30D14841289006A90EC /* Other Frameworks */,
			);
			name = Frameworks;
			sourceTree = "<group>";
		};
		13CAA30D14841289006A90EC /* Other Frameworks */ = {
			isa = PBXGroup;
			children = (
				13CAA30E14841289006A90EC /* AppKit.framework */,
				13CAA30F14841289006A90EC /* CoreData.framework */,
				13CAA31014841289006A90EC /* Foundation.framework */,
			);
			name = "Other Frameworks";
			sourceTree = "<group>";
		};
		13CAA31114841289006A90EC /* Actrack */ = {
			isa = PBXGroup;
			children = (
				138C902D14842B6900646A04 /* Controller */,
				1320755D148BA2F400AE7E3A /* Service */,
				138C902E14842B7800646A04 /* Model */,
				1320755C148BA2CA00AE7E3A /* View */,
				1392010F1484145F00CFF802 /* FMDB */,
				13CAA31214841289006A90EC /* Supporting Files */,
				134DB4D1148E235600AF9BB0 /* Utils */,
			);
			path = Actrack;
			sourceTree = "<group>";
		};
		13CAA31214841289006A90EC /* Supporting Files */ = {
			isa = PBXGroup;
			children = (
				1392011A1484148F00CFF802 /* Graphics */,
				1392012D1484149F00CFF802 /* sparkle_dsa_pub.pem */,
				13CAA31314841289006A90EC /* Actrack-Info.plist */,
				139201101484147000CFF802 /* InfoPlist.strings */,
				13CAA31714841289006A90EC /* main.m */,
				13CAA31914841289006A90EC /* Actrack-Prefix.pch */,
			);
			name = "Supporting Files";
			sourceTree = "<group>";
		};
		13CAA32E1484128A006A90EC /* ActrackTests */ = {
			isa = PBXGroup;
			children = (
				13CAA3341484128A006A90EC /* ActrackTests.h */,
				13CAA3361484128A006A90EC /* ActrackTests.m */,
				13CAA32F1484128A006A90EC /* Supporting Files */,
			);
			path = ActrackTests;
			sourceTree = "<group>";
		};
		13CAA32F1484128A006A90EC /* Supporting Files */ = {
			isa = PBXGroup;
			children = (
				13CAA3301484128A006A90EC /* ActrackTests-Info.plist */,
				13CAA3311484128A006A90EC /* InfoPlist.strings */,
			);
			name = "Supporting Files";
			sourceTree = "<group>";
		};
/* End PBXGroup section */

/* Begin PBXNativeTarget section */
		13CAA30614841289006A90EC /* Actrack */ = {
			isa = PBXNativeTarget;
			buildConfigurationList = 13CAA33A1484128A006A90EC /* Build configuration list for PBXNativeTarget "Actrack" */;
			buildPhases = (
				13CAA30314841289006A90EC /* Sources */,
				13CAA30414841289006A90EC /* Frameworks */,
				13CAA30514841289006A90EC /* Resources */,
				139201461484191600CFF802 /* CopyFiles */,
			);
			buildRules = (
			);
			dependencies = (
			);
			name = Actrack;
			productName = Actrack;
			productReference = 13CAA30714841289006A90EC /* Actrack.app */;
			productType = "com.apple.product-type.application";
		};
		13CAA3271484128A006A90EC /* ActrackTests */ = {
			isa = PBXNativeTarget;
			buildConfigurationList = 13CAA33D1484128A006A90EC /* Build configuration list for PBXNativeTarget "ActrackTests" */;
			buildPhases = (
				13CAA3231484128A006A90EC /* Sources */,
				13CAA3241484128A006A90EC /* Frameworks */,
				13CAA3251484128A006A90EC /* Resources */,
				13CAA3261484128A006A90EC /* ShellScript */,
			);
			buildRules = (
			);
			dependencies = (
				13CAA32D1484128A006A90EC /* PBXTargetDependency */,
			);
			name = ActrackTests;
			productName = ActrackTests;
			productReference = 13CAA3281484128A006A90EC /* ActrackTests.octest */;
			productType = "com.apple.product-type.bundle";
		};
/* End PBXNativeTarget section */

/* Begin PBXProject section */
		13CAA2FE14841289006A90EC /* Project object */ = {
			isa = PBXProject;
			buildConfigurationList = 13CAA30114841289006A90EC /* Build configuration list for PBXProject "Actrack" */;
			compatibilityVersion = "Xcode 3.2";
			developmentRegion = English;
			hasScannedForEncodings = 0;
			knownRegions = (
				en,
			);
			mainGroup = 13CAA2FC14841289006A90EC;
			productRefGroup = 13CAA30814841289006A90EC /* Products */;
			projectDirPath = "";
			projectRoot = "";
			targets = (
				13CAA30614841289006A90EC /* Actrack */,
				13CAA3271484128A006A90EC /* ActrackTests */,
			);
		};
/* End PBXProject section */

/* Begin PBXResourcesBuildPhase section */
		13CAA30514841289006A90EC /* Resources */ = {
			isa = PBXResourcesBuildPhase;
			buildActionMask = 2147483647;
			files = (
				139201111484147000CFF802 /* InfoPlist.strings in Resources */,
				139201161484148C00CFF802 /* Logo_alternative.png in Resources */,
				139201171484148C00CFF802 /* Logo_normal.png in Resources */,
				139201181484148C00CFF802 /* Logo_paused_alternative.png in Resources */,
				139201191484148C00CFF802 /* Logo_paused_normal.png in Resources */,
				1392012E1484149F00CFF802 /* LogWindow.xib in Resources */,
				139201311484149F00CFF802 /* MainMenu.xib in Resources */,
				139201321484149F00CFF802 /* QuestionWindow.xib in Resources */,
				139201381484149F00CFF802 /* SettingsWindow.xib in Resources */,
				1392013A1484149F00CFF802 /* sparkle_dsa_pub.pem in Resources */,
				1382666D1485411B00BBCDC1 /* Icon128.icns in Resources */,
			);
			runOnlyForDeploymentPostprocessing = 0;
		};
		13CAA3251484128A006A90EC /* Resources */ = {
			isa = PBXResourcesBuildPhase;
			buildActionMask = 2147483647;
			files = (
				13CAA3331484128A006A90EC /* InfoPlist.strings in Resources */,
				13CAA3351484128A006A90EC /* ActrackTests.h in Resources */,
			);
			runOnlyForDeploymentPostprocessing = 0;
		};
/* End PBXResourcesBuildPhase section */

/* Begin PBXShellScriptBuildPhase section */
		13CAA3261484128A006A90EC /* ShellScript */ = {
			isa = PBXShellScriptBuildPhase;
			buildActionMask = 2147483647;
			files = (
			);
			inputPaths = (
			);
			outputPaths = (
			);
			runOnlyForDeploymentPostprocessing = 0;
			shellPath = /bin/sh;
			shellScript = "# Run the unit tests in this test bundle.\n\"${SYSTEM_DEVELOPER_DIR}/Tools/RunUnitTests\"\n";
		};
/* End PBXShellScriptBuildPhase section */

/* Begin PBXSourcesBuildPhase section */
		13CAA30314841289006A90EC /* Sources */ = {
			isa = PBXSourcesBuildPhase;
			buildActionMask = 2147483647;
			files = (
				1392010B1484145B00CFF802 /* FMDatabase.m in Sources */,
				139201411484170B00CFF802 /* ActrackAppDelegate.m in Sources */,
				1392010C1484145B00CFF802 /* FMDatabaseAdditions.m in Sources */,
				1392010D1484145B00CFF802 /* FMResultSet.m in Sources */,
				1392012F1484149F00CFF802 /* LogWindowController.m in Sources */,
				139201301484149F00CFF802 /* main.m in Sources */,
				139201331484149F00CFF802 /* QuestionWindowController.m in Sources */,
				139201361484149F00CFF802 /* AskingController.m in Sources */,
				139201371484149F00CFF802 /* Settings.m in Sources */,
				139201391484149F00CFF802 /* SettingsWindowController.m in Sources */,
				1392013D148414A800CFF802 /* DatabaseService.m in Sources */,
				13920140148414B800CFF802 /* ActivityModel.m in Sources */,
				132075491485B08F00AE7E3A /* LoginItem.m in Sources */,
				1320754F1487C86300AE7E3A /* AbstractWindowController.m in Sources */,
				134DB4CF148E235200AF9BB0 /* FormattingUtils.m in Sources */,
				13501194148FF35D00835626 /* HotKeyTextField.m in Sources */,
				13501197148FFCC600835626 /* HotKeyController.m in Sources */,
				1350119E1494C08400835626 /* ActQueryFilter.m in Sources */,
			);
			runOnlyForDeploymentPostprocessing = 0;
		};
		13CAA3231484128A006A90EC /* Sources */ = {
			isa = PBXSourcesBuildPhase;
			buildActionMask = 2147483647;
			files = (
				13CAA3371484128A006A90EC /* ActrackTests.m in Sources */,
			);
			runOnlyForDeploymentPostprocessing = 0;
		};
/* End PBXSourcesBuildPhase section */

/* Begin PBXTargetDependency section */
		13CAA32D1484128A006A90EC /* PBXTargetDependency */ = {
			isa = PBXTargetDependency;
			target = 13CAA30614841289006A90EC /* Actrack */;
			targetProxy = 13CAA32C1484128A006A90EC /* PBXContainerItemProxy */;
		};
/* End PBXTargetDependency section */

/* Begin PBXVariantGroup section */
		13CAA3311484128A006A90EC /* InfoPlist.strings */ = {
			isa = PBXVariantGroup;
			children = (
				13CAA3321484128A006A90EC /* en */,
			);
			name = InfoPlist.strings;
			sourceTree = "<group>";
		};
/* End PBXVariantGroup section */

/* Begin XCBuildConfiguration section */
		13CAA3381484128A006A90EC /* Debug */ = {
			isa = XCBuildConfiguration;
			buildSettings = {
				ALWAYS_SEARCH_USER_PATHS = NO;
				ARCHS = "$(ARCHS_STANDARD_64_BIT)";
				COPY_PHASE_STRIP = NO;
				GCC_C_LANGUAGE_STANDARD = gnu99;
				GCC_DYNAMIC_NO_PIC = NO;
				GCC_ENABLE_OBJC_EXCEPTIONS = YES;
				GCC_OPTIMIZATION_LEVEL = 0;
				GCC_PREPROCESSOR_DEFINITIONS = (
					"DEBUG=1",
					"$(inherited)",
				);
				GCC_SYMBOLS_PRIVATE_EXTERN = NO;
				GCC_VERSION = com.apple.compilers.llvm.clang.1_0;
				GCC_WARN_64_TO_32_BIT_CONVERSION = YES;
				GCC_WARN_ABOUT_MISSING_PROTOTYPES = YES;
				GCC_WARN_ABOUT_RETURN_TYPE = YES;
				GCC_WARN_UNUSED_VARIABLE = YES;
				MACOSX_DEPLOYMENT_TARGET = 10.7;
				ONLY_ACTIVE_ARCH = YES;
				SDKROOT = macosx;
			};
			name = Debug;
		};
		13CAA3391484128A006A90EC /* Release */ = {
			isa = XCBuildConfiguration;
			buildSettings = {
				ALWAYS_SEARCH_USER_PATHS = NO;
				ARCHS = "$(ARCHS_STANDARD_64_BIT)";
				COPY_PHASE_STRIP = YES;
				DEBUG_INFORMATION_FORMAT = "dwarf-with-dsym";
				GCC_C_LANGUAGE_STANDARD = gnu99;
				GCC_ENABLE_OBJC_EXCEPTIONS = YES;
				GCC_VERSION = com.apple.compilers.llvm.clang.1_0;
				GCC_WARN_64_TO_32_BIT_CONVERSION = YES;
				GCC_WARN_ABOUT_MISSING_PROTOTYPES = YES;
				GCC_WARN_ABOUT_RETURN_TYPE = YES;
				GCC_WARN_UNUSED_VARIABLE = YES;
				MACOSX_DEPLOYMENT_TARGET = 10.7;
				SDKROOT = macosx;
			};
			name = Release;
		};
		13CAA33B1484128A006A90EC /* Debug */ = {
			isa = XCBuildConfiguration;
			buildSettings = {
				CODE_SIGN_IDENTITY = "";
				FRAMEWORK_SEARCH_PATHS = (
					"$(inherited)",
					"\"$(SRCROOT)\"",
				);
				GCC_PRECOMPILE_PREFIX_HEADER = YES;
				GCC_PREFIX_HEADER = "Actrack/Actrack-Prefix.pch";
				INFOPLIST_FILE = "Actrack/Actrack-Info.plist";
				MACOSX_DEPLOYMENT_TARGET = 10.6;
				PRODUCT_NAME = "$(TARGET_NAME)";
				WRAPPER_EXTENSION = app;
			};
			name = Debug;
		};
		13CAA33C1484128A006A90EC /* Release */ = {
			isa = XCBuildConfiguration;
			buildSettings = {
				CODE_SIGN_IDENTITY = "";
				FRAMEWORK_SEARCH_PATHS = (
					"$(inherited)",
					"\"$(SRCROOT)\"",
				);
				GCC_PRECOMPILE_PREFIX_HEADER = YES;
				GCC_PREFIX_HEADER = "Actrack/Actrack-Prefix.pch";
				INFOPLIST_FILE = "Actrack/Actrack-Info.plist";
				MACOSX_DEPLOYMENT_TARGET = 10.6;
				PRODUCT_NAME = "$(TARGET_NAME)";
				WRAPPER_EXTENSION = app;
			};
			name = Release;
		};
		13CAA33E1484128A006A90EC /* Debug */ = {
			isa = XCBuildConfiguration;
			buildSettings = {
				BUNDLE_LOADER = "$(BUILT_PRODUCTS_DIR)/Actrack.app/Contents/MacOS/Actrack";
				FRAMEWORK_SEARCH_PATHS = "$(DEVELOPER_LIBRARY_DIR)/Frameworks";
				GCC_PRECOMPILE_PREFIX_HEADER = YES;
				GCC_PREFIX_HEADER = "Actrack/Actrack-Prefix.pch";
				INFOPLIST_FILE = "ActrackTests/ActrackTests-Info.plist";
				PRODUCT_NAME = "$(TARGET_NAME)";
				TEST_HOST = "$(BUNDLE_LOADER)";
				WRAPPER_EXTENSION = octest;
			};
			name = Debug;
		};
		13CAA33F1484128A006A90EC /* Release */ = {
			isa = XCBuildConfiguration;
			buildSettings = {
				BUNDLE_LOADER = "$(BUILT_PRODUCTS_DIR)/Actrack.app/Contents/MacOS/Actrack";
				FRAMEWORK_SEARCH_PATHS = "$(DEVELOPER_LIBRARY_DIR)/Frameworks";
				GCC_PRECOMPILE_PREFIX_HEADER = YES;
				GCC_PREFIX_HEADER = "Actrack/Actrack-Prefix.pch";
				INFOPLIST_FILE = "ActrackTests/ActrackTests-Info.plist";
				PRODUCT_NAME = "$(TARGET_NAME)";
				TEST_HOST = "$(BUNDLE_LOADER)";
				WRAPPER_EXTENSION = octest;
			};
			name = Release;
		};
/* End XCBuildConfiguration section */

/* Begin XCConfigurationList section */
		13CAA30114841289006A90EC /* Build configuration list for PBXProject "Actrack" */ = {
			isa = XCConfigurationList;
			buildConfigurations = (
				13CAA3381484128A006A90EC /* Debug */,
				13CAA3391484128A006A90EC /* Release */,
			);
			defaultConfigurationIsVisible = 0;
			defaultConfigurationName = Release;
		};
		13CAA33A1484128A006A90EC /* Build configuration list for PBXNativeTarget "Actrack" */ = {
			isa = XCConfigurationList;
			buildConfigurations = (
				13CAA33B1484128A006A90EC /* Debug */,
				13CAA33C1484128A006A90EC /* Release */,
			);
			defaultConfigurationIsVisible = 0;
			defaultConfigurationName = Release;
		};
		13CAA33D1484128A006A90EC /* Build configuration list for PBXNativeTarget "ActrackTests" */ = {
			isa = XCConfigurationList;
			buildConfigurations = (
				13CAA33E1484128A006A90EC /* Debug */,
				13CAA33F1484128A006A90EC /* Release */,
			);
			defaultConfigurationIsVisible = 0;
			defaultConfigurationName = Release;
		};
/* End XCConfigurationList section */
	};
	rootObject = 13CAA2FE14841289006A90EC /* Project object */;
}
