// !$*UTF8*$!
{
	archiveVersion = 1;
	classes = {
	};
	objectVersion = 46;
	objects = {

/* Begin PBXBuildFile section */
		13CAA30C14841289006A90EC /* Cocoa.framework in Frameworks */ = {isa = PBXBuildFile; fileRef = 13CAA30B14841289006A90EC /* Cocoa.framework */; };
		13CAA31614841289006A90EC /* InfoPlist.strings in Resources */ = {isa = PBXBuildFile; fileRef = 13CAA31414841289006A90EC /* InfoPlist.strings */; };
		13CAA31814841289006A90EC /* main.m in Sources */ = {isa = PBXBuildFile; fileRef = 13CAA31714841289006A90EC /* main.m */; };
		13CAA31C14841289006A90EC /* Credits.rtf in Resources */ = {isa = PBXBuildFile; fileRef = 13CAA31A14841289006A90EC /* Credits.rtf */; };
		13CAA31F14841289006A90EC /* ActrackAppDelegate.m in Sources */ = {isa = PBXBuildFile; fileRef = 13CAA31E14841289006A90EC /* ActrackAppDelegate.m */; };
		13CAA3221484128A006A90EC /* MainMenu.xib in Resources */ = {isa = PBXBuildFile; fileRef = 13CAA3201484128A006A90EC /* MainMenu.xib */; };
		13CAA32A1484128A006A90EC /* SenTestingKit.framework in Frameworks */ = {isa = PBXBuildFile; fileRef = 13CAA3291484128A006A90EC /* SenTestingKit.framework */; };
		13CAA32B1484128A006A90EC /* Cocoa.framework in Frameworks */ = {isa = PBXBuildFile; fileRef = 13CAA30B14841289006A90EC /* Cocoa.framework */; };
		13CAA3331484128A006A90EC /* InfoPlist.strings in Resources */ = {isa = PBXBuildFile; fileRef = 13CAA3311484128A006A90EC /* InfoPlist.strings */; };
		13CAA3351484128A006A90EC /* ActrackTests.h in Resources */ = {isa = PBXBuildFile; fileRef = 13CAA3341484128A006A90EC /* ActrackTests.h */; };
		13CAA3371484128A006A90EC /* ActrackTests.m in Sources */ = {isa = PBXBuildFile; fileRef = 13CAA3361484128A006A90EC /* ActrackTests.m */; };
/* End PBXBuildFile section */

/* Begin PBXContainerItemProxy section */
		13CAA32C1484128A006A90EC /* PBXContainerItemProxy */ = {
			isa = PBXContainerItemProxy;
			containerPortal = 13CAA2FE14841289006A90EC /* Project object */;
			proxyType = 1;
			remoteGlobalIDString = 13CAA30614841289006A90EC;
			remoteInfo = Actrack;
		};
/* End PBXContainerItemProxy section */

/* Begin PBXFileReference section */
		13CAA30714841289006A90EC /* Actrack.app */ = {isa = PBXFileReference; explicitFileType = wrapper.application; includeInIndex = 0; path = Actrack.app; sourceTree = BUILT_PRODUCTS_DIR; };
		13CAA30B14841289006A90EC /* Cocoa.framework */ = {isa = PBXFileReference; lastKnownFileType = wrapper.framework; name = Cocoa.framework; path = System/Library/Frameworks/Cocoa.framework; sourceTree = SDKROOT; };
		13CAA30E14841289006A90EC /* AppKit.framework */ = {isa = PBXFileReference; lastKnownFileType = wrapper.framework; name = AppKit.framework; path = System/Library/Frameworks/AppKit.framework; sourceTree = SDKROOT; };
		13CAA30F14841289006A90EC /* CoreData.framework */ = {isa = PBXFileReference; lastKnownFileType = wrapper.framework; name = CoreData.framework; path = System/Library/Frameworks/CoreData.framework; sourceTree = SDKROOT; };
		13CAA31014841289006A90EC /* Foundation.framework */ = {isa = PBXFileReference; lastKnownFileType = wrapper.framework; name = Foundation.framework; path = System/Library/Frameworks/Foundation.framework; sourceTree = SDKROOT; };
		13CAA31314841289006A90EC /* Actrack-Info.plist */ = {isa = PBXFileReference; path = "Actrack-Info.plist"; sourceTree = "<group>"; };
		13CAA31514841289006A90EC /* en */ = {isa = PBXFileReference; lastKnownFileType = text.plist.strings; name = en; path = en.lproj/InfoPlist.strings; sourceTree = "<group>"; };
		13CAA31714841289006A90EC /* main.m */ = {isa = PBXFileReference; lastKnownFileType = sourcecode.c.objc; path = main.m; sourceTree = "<group>"; };
		13CAA31914841289006A90EC /* Actrack-Prefix.pch */ = {isa = PBXFileReference; path = "Actrack-Prefix.pch"; sourceTree = "<group>"; };
		13CAA31B14841289006A90EC /* en */ = {isa = PBXFileReference; lastKnownFileType = text.rtf; name = en; path = en.lproj/Credits.rtf; sourceTree = "<group>"; };
		13CAA31D14841289006A90EC /* ActrackAppDelegate.h */ = {isa = PBXFileReference; path = ActrackAppDelegate.h; sourceTree = "<group>"; };
		13CAA31E14841289006A90EC /* ActrackAppDelegate.m */ = {isa = PBXFileReference; lastKnownFileType = sourcecode.c.objc; path = ActrackAppDelegate.m; sourceTree = "<group>"; };
		13CAA3211484128A006A90EC /* en */ = {isa = PBXFileReference; lastKnownFileType = file.xib; name = en; path = en.lproj/MainMenu.xib; sourceTree = "<group>"; };
		13CAA3281484128A006A90EC /* ActrackTests.octest */ = {isa = PBXFileReference; explicitFileType = wrapper.cfbundle; includeInIndex = 0; path = ActrackTests.octest; sourceTree = BUILT_PRODUCTS_DIR; };
		13CAA3291484128A006A90EC /* SenTestingKit.framework */ = {isa = PBXFileReference; lastKnownFileType = wrapper.framework; name = SenTestingKit.framework; path = Library/Frameworks/SenTestingKit.framework; sourceTree = DEVELOPER_DIR; };
		13CAA3301484128A006A90EC /* ActrackTests-Info.plist */ = {isa = PBXFileReference; path = "ActrackTests-Info.plist"; sourceTree = "<group>"; };
		13CAA3321484128A006A90EC /* en */ = {isa = PBXFileReference; lastKnownFileType = text.plist.strings; name = en; path = en.lproj/InfoPlist.strings; sourceTree = "<group>"; };
		13CAA3341484128A006A90EC /* ActrackTests.h */ = {isa = PBXFileReference; lastKnownFileType = sourcecode.c.h; path = ActrackTests.h; sourceTree = "<group>"; };
		13CAA3361484128A006A90EC /* ActrackTests.m */ = {isa = PBXFileReference; lastKnownFileType = sourcecode.c.objc; path = ActrackTests.m; sourceTree = "<group>"; };
/* End PBXFileReference section */

/* Begin PBXFrameworksBuildPhase section */
		13CAA30414841289006A90EC /* Frameworks */ = {
			isa = PBXFrameworksBuildPhase;
			buildActionMask = 2147483647;
			files = (
				13CAA30C14841289006A90EC /* Cocoa.framework in Frameworks */,
			);
			runOnlyForDeploymentPostprocessing = 0;
		};
		13CAA3241484128A006A90EC /* Frameworks */ = {
			isa = PBXFrameworksBuildPhase;
			buildActionMask = 2147483647;
			files = (
				13CAA32A1484128A006A90EC /* SenTestingKit.framework in Frameworks */,
				13CAA32B1484128A006A90EC /* Cocoa.framework in Frameworks */,
			);
			runOnlyForDeploymentPostprocessing = 0;
		};
/* End PBXFrameworksBuildPhase section */

/* Begin PBXGroup section */
		13CAA2FC14841289006A90EC = {
			isa = PBXGroup;
			children = (
				13CAA31114841289006A90EC /* Actrack */,
				13CAA32E1484128A006A90EC /* ActrackTests */,
				13CAA30A14841289006A90EC /* Frameworks */,
				13CAA30814841289006A90EC /* Products */,
			);
			sourceTree = "<group>";
		};
		13CAA30814841289006A90EC /* Products */ = {
			isa = PBXGroup;
			children = (
				13CAA30714841289006A90EC /* Actrack.app */,
				13CAA3281484128A006A90EC /* ActrackTests.octest */,
			);
			name = Products;
			sourceTree = "<group>";
		};
		13CAA30A14841289006A90EC /* Frameworks */ = {
			isa = PBXGroup;
			children = (
				13CAA30B14841289006A90EC /* Cocoa.framework */,
				13CAA3291484128A006A90EC /* SenTestingKit.framework */,
				13CAA30D14841289006A90EC /* Other Frameworks */,
			);
			name = Frameworks;
			sourceTree = "<group>";
		};
		13CAA30D14841289006A90EC /* Other Frameworks */ = {
			isa = PBXGroup;
			children = (
				13CAA30E14841289006A90EC /* AppKit.framework */,
				13CAA30F14841289006A90EC /* CoreData.framework */,
				13CAA31014841289006A90EC /* Foundation.framework */,
			);
			name = "Other Frameworks";
			sourceTree = "<group>";
		};
		13CAA31114841289006A90EC /* Actrack */ = {
			isa = PBXGroup;
			children = (
				13CAA31D14841289006A90EC /* ActrackAppDelegate.h */,
				13CAA31E14841289006A90EC /* ActrackAppDelegate.m */,
				13CAA3201484128A006A90EC /* MainMenu.xib */,
				13CAA31214841289006A90EC /* Supporting Files */,
			);
			path = Actrack;
			sourceTree = "<group>";
		};
		13CAA31214841289006A90EC /* Supporting Files */ = {
			isa = PBXGroup;
			children = (
				13CAA31314841289006A90EC /* Actrack-Info.plist */,
				13CAA31414841289006A90EC /* InfoPlist.strings */,
				13CAA31714841289006A90EC /* main.m */,
				13CAA31914841289006A90EC /* Actrack-Prefix.pch */,
				13CAA31A14841289006A90EC /* Credits.rtf */,
			);
			name = "Supporting Files";
			sourceTree = "<group>";
		};
		13CAA32E1484128A006A90EC /* ActrackTests */ = {
			isa = PBXGroup;
			children = (
				13CAA3341484128A006A90EC /* ActrackTests.h */,
				13CAA3361484128A006A90EC /* ActrackTests.m */,
				13CAA32F1484128A006A90EC /* Supporting Files */,
			);
			path = ActrackTests;
			sourceTree = "<group>";
		};
		13CAA32F1484128A006A90EC /* Supporting Files */ = {
			isa = PBXGroup;
			children = (
				13CAA3301484128A006A90EC /* ActrackTests-Info.plist */,
				13CAA3311484128A006A90EC /* InfoPlist.strings */,
			);
			name = "Supporting Files";
			sourceTree = "<group>";
		};
/* End PBXGroup section */

/* Begin PBXNativeTarget section */
		13CAA30614841289006A90EC /* Actrack */ = {
			isa = PBXNativeTarget;
			buildConfigurationList = 13CAA33A1484128A006A90EC /* Build configuration list for PBXNativeTarget "Actrack" */;
			buildPhases = (
				13CAA30314841289006A90EC /* Sources */,
				13CAA30414841289006A90EC /* Frameworks */,
				13CAA30514841289006A90EC /* Resources */,
			);
			buildRules = (
			);
			dependencies = (
			);
			name = Actrack;
			productName = Actrack;
			productReference = 13CAA30714841289006A90EC /* Actrack.app */;
			productType = "com.apple.product-type.application";
		};
		13CAA3271484128A006A90EC /* ActrackTests */ = {
			isa = PBXNativeTarget;
			buildConfigurationList = 13CAA33D1484128A006A90EC /* Build configuration list for PBXNativeTarget "ActrackTests" */;
			buildPhases = (
				13CAA3231484128A006A90EC /* Sources */,
				13CAA3241484128A006A90EC /* Frameworks */,
				13CAA3251484128A006A90EC /* Resources */,
				13CAA3261484128A006A90EC /* ShellScript */,
			);
			buildRules = (
			);
			dependencies = (
				13CAA32D1484128A006A90EC /* PBXTargetDependency */,
			);
			name = ActrackTests;
			productName = ActrackTests;
			productReference = 13CAA3281484128A006A90EC /* ActrackTests.octest */;
			productType = "com.apple.product-type.bundle";
		};
/* End PBXNativeTarget section */

/* Begin PBXProject section */
		13CAA2FE14841289006A90EC /* Project object */ = {
			isa = PBXProject;
			buildConfigurationList = 13CAA30114841289006A90EC /* Build configuration list for PBXProject "Actrack" */;
			compatibilityVersion = "Xcode 3.2";
			developmentRegion = English;
			hasScannedForEncodings = 0;
			knownRegions = (
				en,
			);
			mainGroup = 13CAA2FC14841289006A90EC;
			productRefGroup = 13CAA30814841289006A90EC /* Products */;
			projectDirPath = "";
			projectRoot = "";
			targets = (
				13CAA30614841289006A90EC /* Actrack */,
				13CAA3271484128A006A90EC /* ActrackTests */,
			);
		};
/* End PBXProject section */

/* Begin PBXResourcesBuildPhase section */
		13CAA30514841289006A90EC /* Resources */ = {
			isa = PBXResourcesBuildPhase;
			buildActionMask = 2147483647;
			files = (
				13CAA31614841289006A90EC /* InfoPlist.strings in Resources */,
				13CAA31C14841289006A90EC /* Credits.rtf in Resources */,
				13CAA3221484128A006A90EC /* MainMenu.xib in Resources */,
			);
			runOnlyForDeploymentPostprocessing = 0;
		};
		13CAA3251484128A006A90EC /* Resources */ = {
			isa = PBXResourcesBuildPhase;
			buildActionMask = 2147483647;
			files = (
				13CAA3331484128A006A90EC /* InfoPlist.strings in Resources */,
				13CAA3351484128A006A90EC /* ActrackTests.h in Resources */,
			);
			runOnlyForDeploymentPostprocessing = 0;
		};
/* End PBXResourcesBuildPhase section */

/* Begin PBXShellScriptBuildPhase section */
		13CAA3261484128A006A90EC /* ShellScript */ = {
			isa = PBXShellScriptBuildPhase;
			buildActionMask = 2147483647;
			files = (
			);
			inputPaths = (
			);
			outputPaths = (
			);
			runOnlyForDeploymentPostprocessing = 0;
			shellPath = /bin/sh;
			shellScript = "# Run the unit tests in this test bundle.\n\"${SYSTEM_DEVELOPER_DIR}/Tools/RunUnitTests\"\n";
		};
/* End PBXShellScriptBuildPhase section */

/* Begin PBXSourcesBuildPhase section */
		13CAA30314841289006A90EC /* Sources */ = {
			isa = PBXSourcesBuildPhase;
			buildActionMask = 2147483647;
			files = (
				13CAA31814841289006A90EC /* main.m in Sources */,
				13CAA31F14841289006A90EC /* ActrackAppDelegate.m in Sources */,
			);
			runOnlyForDeploymentPostprocessing = 0;
		};
		13CAA3231484128A006A90EC /* Sources */ = {
			isa = PBXSourcesBuildPhase;
			buildActionMask = 2147483647;
			files = (
				13CAA3371484128A006A90EC /* ActrackTests.m in Sources */,
			);
			runOnlyForDeploymentPostprocessing = 0;
		};
/* End PBXSourcesBuildPhase section */

/* Begin PBXTargetDependency section */
		13CAA32D1484128A006A90EC /* PBXTargetDependency */ = {
			isa = PBXTargetDependency;
			target = 13CAA30614841289006A90EC /* Actrack */;
			targetProxy = 13CAA32C1484128A006A90EC /* PBXContainerItemProxy */;
		};
/* End PBXTargetDependency section */

/* Begin PBXVariantGroup section */
		13CAA31414841289006A90EC /* InfoPlist.strings */ = {
			isa = PBXVariantGroup;
			children = (
				13CAA31514841289006A90EC /* en */,
			);
			name = InfoPlist.strings;
			sourceTree = "<group>";
		};
		13CAA31A14841289006A90EC /* Credits.rtf */ = {
			isa = PBXVariantGroup;
			children = (
				13CAA31B14841289006A90EC /* en */,
			);
			name = Credits.rtf;
			sourceTree = "<group>";
		};
		13CAA3201484128A006A90EC /* MainMenu.xib */ = {
			isa = PBXVariantGroup;
			children = (
				13CAA3211484128A006A90EC /* en */,
			);
			name = MainMenu.xib;
			sourceTree = "<group>";
		};
		13CAA3311484128A006A90EC /* InfoPlist.strings */ = {
			isa = PBXVariantGroup;
			children = (
				13CAA3321484128A006A90EC /* en */,
			);
			name = InfoPlist.strings;
			sourceTree = "<group>";
		};
/* End PBXVariantGroup section */

/* Begin XCBuildConfiguration section */
		13CAA3381484128A006A90EC /* Debug */ = {
			isa = XCBuildConfiguration;
			buildSettings = {
				ALWAYS_SEARCH_USER_PATHS = NO;
				ARCHS = "$(ARCHS_STANDARD_64_BIT)";
				COPY_PHASE_STRIP = NO;
				GCC_C_LANGUAGE_STANDARD = gnu99;
				GCC_DYNAMIC_NO_PIC = NO;
				GCC_ENABLE_OBJC_EXCEPTIONS = YES;
				GCC_OPTIMIZATION_LEVEL = 0;
				GCC_PREPROCESSOR_DEFINITIONS = (
					"DEBUG=1",
					"$(inherited)",
				);
				GCC_SYMBOLS_PRIVATE_EXTERN = NO;
				GCC_VERSION = com.apple.compilers.llvm.clang.1_0;
				GCC_WARN_64_TO_32_BIT_CONVERSION = YES;
				GCC_WARN_ABOUT_MISSING_PROTOTYPES = YES;
				GCC_WARN_ABOUT_RETURN_TYPE = YES;
				GCC_WARN_UNUSED_VARIABLE = YES;
				MACOSX_DEPLOYMENT_TARGET = 10.7;
				ONLY_ACTIVE_ARCH = YES;
				SDKROOT = macosx;
			};
			name = Debug;
		};
		13CAA3391484128A006A90EC /* Release */ = {
			isa = XCBuildConfiguration;
			buildSettings = {
				ALWAYS_SEARCH_USER_PATHS = NO;
				ARCHS = "$(ARCHS_STANDARD_64_BIT)";
				COPY_PHASE_STRIP = YES;
				DEBUG_INFORMATION_FORMAT = "dwarf-with-dsym";
				GCC_C_LANGUAGE_STANDARD = gnu99;
				GCC_ENABLE_OBJC_EXCEPTIONS = YES;
				GCC_VERSION = com.apple.compilers.llvm.clang.1_0;
				GCC_WARN_64_TO_32_BIT_CONVERSION = YES;
				GCC_WARN_ABOUT_MISSING_PROTOTYPES = YES;
				GCC_WARN_ABOUT_RETURN_TYPE = YES;
				GCC_WARN_UNUSED_VARIABLE = YES;
				MACOSX_DEPLOYMENT_TARGET = 10.7;
				SDKROOT = macosx;
			};
			name = Release;
		};
		13CAA33B1484128A006A90EC /* Debug */ = {
			isa = XCBuildConfiguration;
			buildSettings = {
				GCC_PRECOMPILE_PREFIX_HEADER = YES;
				GCC_PREFIX_HEADER = "Actrack/Actrack-Prefix.pch";
				INFOPLIST_FILE = "Actrack/Actrack-Info.plist";
				PRODUCT_NAME = "$(TARGET_NAME)";
				WRAPPER_EXTENSION = app;
			};
			name = Debug;
		};
		13CAA33C1484128A006A90EC /* Release */ = {
			isa = XCBuildConfiguration;
			buildSettings = {
				GCC_PRECOMPILE_PREFIX_HEADER = YES;
				GCC_PREFIX_HEADER = "Actrack/Actrack-Prefix.pch";
				INFOPLIST_FILE = "Actrack/Actrack-Info.plist";
				PRODUCT_NAME = "$(TARGET_NAME)";
				WRAPPER_EXTENSION = app;
			};
			name = Release;
		};
		13CAA33E1484128A006A90EC /* Debug */ = {
			isa = XCBuildConfiguration;
			buildSettings = {
				BUNDLE_LOADER = "$(BUILT_PRODUCTS_DIR)/Actrack.app/Contents/MacOS/Actrack";
				FRAMEWORK_SEARCH_PATHS = "$(DEVELOPER_LIBRARY_DIR)/Frameworks";
				GCC_PRECOMPILE_PREFIX_HEADER = YES;
				GCC_PREFIX_HEADER = "Actrack/Actrack-Prefix.pch";
				INFOPLIST_FILE = "ActrackTests/ActrackTests-Info.plist";
				PRODUCT_NAME = "$(TARGET_NAME)";
				TEST_HOST = "$(BUNDLE_LOADER)";
				WRAPPER_EXTENSION = octest;
			};
			name = Debug;
		};
		13CAA33F1484128A006A90EC /* Release */ = {
			isa = XCBuildConfiguration;
			buildSettings = {
				BUNDLE_LOADER = "$(BUILT_PRODUCTS_DIR)/Actrack.app/Contents/MacOS/Actrack";
				FRAMEWORK_SEARCH_PATHS = "$(DEVELOPER_LIBRARY_DIR)/Frameworks";
				GCC_PRECOMPILE_PREFIX_HEADER = YES;
				GCC_PREFIX_HEADER = "Actrack/Actrack-Prefix.pch";
				INFOPLIST_FILE = "ActrackTests/ActrackTests-Info.plist";
				PRODUCT_NAME = "$(TARGET_NAME)";
				TEST_HOST = "$(BUNDLE_LOADER)";
				WRAPPER_EXTENSION = octest;
			};
			name = Release;
		};
/* End XCBuildConfiguration section */

/* Begin XCConfigurationList section */
		13CAA30114841289006A90EC /* Build configuration list for PBXProject "Actrack" */ = {
			isa = XCConfigurationList;
			buildConfigurations = (
				13CAA3381484128A006A90EC /* Debug */,
				13CAA3391484128A006A90EC /* Release */,
			);
			defaultConfigurationIsVisible = 0;
			defaultConfigurationName = Release;
		};
		13CAA33A1484128A006A90EC /* Build configuration list for PBXNativeTarget "Actrack" */ = {
			isa = XCConfigurationList;
			buildConfigurations = (
				13CAA33B1484128A006A90EC /* Debug */,
				13CAA33C1484128A006A90EC /* Release */,
			);
			defaultConfigurationIsVisible = 0;
		};
		13CAA33D1484128A006A90EC /* Build configuration list for PBXNativeTarget "ActrackTests" */ = {
			isa = XCConfigurationList;
			buildConfigurations = (
				13CAA33E1484128A006A90EC /* Debug */,
				13CAA33F1484128A006A90EC /* Release */,
			);
			defaultConfigurationIsVisible = 0;
		};
/* End XCConfigurationList section */
	};
	rootObject = 13CAA2FE14841289006A90EC /* Project object */;
}
